
Microsoft Visual Studio Solution File, Format Version 12.00
# Visual Studio Version 16
VisualStudioVersion = 16.0.29230.47
MinimumVisualStudioVersion = 10.0.40219.1
Project("{FAE04EC0-301F-11D3-BF4B-00C04F79EFBC}") = "3", "3\3.csproj", "{AC61A183-3177-493B-820B-E707FC107F4B}"
EndProject
Global
	GlobalSection(SolutionConfigurationPlatforms) = preSolution
		Debug|Any CPU = Debug|Any CPU
		Release|Any CPU = Release|Any CPU
	EndGlobalSection
	GlobalSection(ProjectConfigurationPlatforms) = postSolution
		{AC61A183-3177-493B-820B-E707FC107F4B}.Debug|Any CPU.ActiveCfg = Debug|Any CPU
		{AC61A183-3177-493B-820B-E707FC107F4B}.Debug|Any CPU.Build.0 = Debug|Any CPU
		{AC61A183-3177-493B-820B-E707FC107F4B}.Release|Any CPU.ActiveCfg = Release|Any CPU
		{AC61A183-3177-493B-820B-E707FC107F4B}.Release|Any CPU.Build.0 = Release|Any CPU
	EndGlobalSection
	GlobalSection(SolutionProperties) = preSolution
		HideSolutionNode = FALSE
	EndGlobalSection
	GlobalSection(ExtensibilityGlobals) = postSolution
		SolutionGuid = {46D5AD5F-03E4-4839-B4EF-3D533F9BD72E}
	EndGlobalSection
EndGlobal
